// !$*UTF8*$!
{
	archiveVersion = 1;
	classes = {
	};
	objectVersion = 54;
	objects = {

/* Begin PBXBuildFile section */
		00E356F31AD99517003FC87E /* TaskManagerTests.m in Sources */ = {isa = PBXBuildFile; fileRef = 00E356F21AD99517003FC87E /* TaskManagerTests.m */; };
		0C80B921A6F3F58F76C31292 /* libPods-TaskManager.a in Frameworks */ = {isa = PBXBuildFile; fileRef = 5DCACB8F33CDC322A6C60F78 /* libPods-TaskManager.a */; };
		13B07FBC1A68108700A75B9A /* AppDelegate.mm in Sources */ = {isa = PBXBuildFile; fileRef = 13B07FB01A68108700A75B9A /* AppDelegate.mm */; };
		13B07FBF1A68108700A75B9A /* Images.xcassets in Resources */ = {isa = PBXBuildFile; fileRef = 13B07FB51A68108700A75B9A /* Images.xcassets */; };
		13B07FC11A68108700A75B9A /* main.m in Sources */ = {isa = PBXBuildFile; fileRef = 13B07FB71A68108700A75B9A /* main.m */; };
		7699B88040F8A987B510C191 /* libPods-TaskManager-TaskManagerTests.a in Frameworks */ = {isa = PBXBuildFile; fileRef = 19F6CBCC0A4E27FBF8BF4A61 /* libPods-TaskManager-TaskManagerTests.a */; };
		81AB9BB82411601600AC10FF /* LaunchScreen.storyboard in Resources */ = {isa = PBXBuildFile; fileRef = 81AB9BB72411601600AC10FF /* LaunchScreen.storyboard */; };
		8985C36BB674414B95E96A5E /* HelveticaNeue-Black.otf in Resources */ = {isa = PBXBuildFile; fileRef = CF3F2E921A394DB6B9C7FEF3 /* HelveticaNeue-Black.otf */; };
		285ED7A842124224B3407BCA /* HelveticaNeue-BlackCond.otf in Resources */ = {isa = PBXBuildFile; fileRef = 8A84CB9CA3814737960A8A78 /* HelveticaNeue-BlackCond.otf */; };
		07FA4F41F64D4178A1C9498C /* HelveticaNeue-BlackCondObl.otf in Resources */ = {isa = PBXBuildFile; fileRef = 1F055C8DD90A40E1835B0AF5 /* HelveticaNeue-BlackCondObl.otf */; };
		5814EA0C2E67428DAADFB320 /* HelveticaNeue-BlackExt.otf in Resources */ = {isa = PBXBuildFile; fileRef = 210AEAD9782E4EFCA77BFC21 /* HelveticaNeue-BlackExt.otf */; };
		79BBD76572B941F790243D64 /* HelveticaNeue-BlackExtObl.otf in Resources */ = {isa = PBXBuildFile; fileRef = 97436B8F6D1740579F14CC3E /* HelveticaNeue-BlackExtObl.otf */; };
		B359E8315326454EB39FAFD7 /* HelveticaNeue-BoldCondObl.otf in Resources */ = {isa = PBXBuildFile; fileRef = B25B7D3E89F74E3BB7049EE2 /* HelveticaNeue-BoldCondObl.otf */; };
		D166816453E54043BC11FAE9 /* HelveticaNeue-BoldExt.otf in Resources */ = {isa = PBXBuildFile; fileRef = FA29D5E5A9C2425A96A927C1 /* HelveticaNeue-BoldExt.otf */; };
		534ED1760E1E41288B3F4F54 /* HelveticaNeue-BoldExtObl.otf in Resources */ = {isa = PBXBuildFile; fileRef = 953A263FED6443188C8A7B6B /* HelveticaNeue-BoldExtObl.otf */; };
		E2656A8B906644FBAFD21B19 /* HelveticaNeue-Condensed.otf in Resources */ = {isa = PBXBuildFile; fileRef = 2F848196737943EC8C4E951C /* HelveticaNeue-Condensed.otf */; };
		8D9FC32986D04F1AAE163484 /* HelveticaNeue-CondensedObl.otf in Resources */ = {isa = PBXBuildFile; fileRef = 6216C410689A43D9A04B6817 /* HelveticaNeue-CondensedObl.otf */; };
		E711BF9B4568467EA17DF5B5 /* HelveticaNeue-ExtBlackCond.otf in Resources */ = {isa = PBXBuildFile; fileRef = B55581074CA948C38D77E044 /* HelveticaNeue-ExtBlackCond.otf */; };
		D7B41D170E6240CEA9B1A0B9 /* HelveticaNeue-ExtBlackCondObl.otf in Resources */ = {isa = PBXBuildFile; fileRef = 8702E539198446188BF42554 /* HelveticaNeue-ExtBlackCondObl.otf */; };
		EAADD57105B24F59A407E6C9 /* HelveticaNeue-Extended.otf in Resources */ = {isa = PBXBuildFile; fileRef = F2039B5F51974D438B422EE2 /* HelveticaNeue-Extended.otf */; };
		643B4B6D82BF45F9A28CD2A3 /* HelveticaNeue-ExtendedObl.otf in Resources */ = {isa = PBXBuildFile; fileRef = 23BAD1A6ED364950B034E28A /* HelveticaNeue-ExtendedObl.otf */; };
		5EF81EFDF0974A879F6587AB /* HelveticaNeue-Heavy.otf in Resources */ = {isa = PBXBuildFile; fileRef = 83F4534CC34B40F4AC95F5BB /* HelveticaNeue-Heavy.otf */; };
		EE956CD038E3429A850CB184 /* HelveticaNeue-HeavyCond.otf in Resources */ = {isa = PBXBuildFile; fileRef = 2B2899C2B3C3442BAE6C36B1 /* HelveticaNeue-HeavyCond.otf */; };
		A05876CED3214AE99BF5DDA9 /* HelveticaNeue-HeavyCondObl.otf in Resources */ = {isa = PBXBuildFile; fileRef = C7733B76F4D445D1B2EE8671 /* HelveticaNeue-HeavyCondObl.otf */; };
		576B5F7B240E4CD18286D90A /* HelveticaNeue-HeavyExt.otf in Resources */ = {isa = PBXBuildFile; fileRef = F8441584E35B4EC7B710D0F8 /* HelveticaNeue-HeavyExt.otf */; };
		5C339BC8BCB1401390681359 /* HelveticaNeue-HeavyExtObl.otf in Resources */ = {isa = PBXBuildFile; fileRef = 8E5E86158A164059B65C1921 /* HelveticaNeue-HeavyExtObl.otf */; };
		184D6ACD0D914E00917DA3BC /* HelveticaNeue-HeavyItalic.otf in Resources */ = {isa = PBXBuildFile; fileRef = 5730B5AA0C2D4610A3E835C4 /* HelveticaNeue-HeavyItalic.otf */; };
		2F9AB9AAE57C4AF8829D5C69 /* HelveticaNeue-Light.otf in Resources */ = {isa = PBXBuildFile; fileRef = D6F3602A98F64A4180E3AFCA /* HelveticaNeue-Light.otf */; };
		9051C8F33255438FA9A7A1CD /* HelveticaNeue-LightCondObl.otf in Resources */ = {isa = PBXBuildFile; fileRef = FE6F013B90BA40A3B70391B0 /* HelveticaNeue-LightCondObl.otf */; };
		76B5EBBD5A4E453D9B86C7FF /* HelveticaNeue-LightExt.otf in Resources */ = {isa = PBXBuildFile; fileRef = 76363266EDA74AB1A20DC327 /* HelveticaNeue-LightExt.otf */; };
		E871984B0CD7414B9F29D757 /* HelveticaNeue-LightExtObl.otf in Resources */ = {isa = PBXBuildFile; fileRef = B646C1FA0A5A4AB2BFEB759F /* HelveticaNeue-LightExtObl.otf */; };
		0D302F59AE3344C6B0688A04 /* HelveticaNeue-Medium.otf in Resources */ = {isa = PBXBuildFile; fileRef = 7ADFC246B3AB433B9810C198 /* HelveticaNeue-Medium.otf */; };
		0F0D44E4B4D14720A90C5537 /* HelveticaNeue-MediumCond.otf in Resources */ = {isa = PBXBuildFile; fileRef = D8B926126DA94884BAEF7799 /* HelveticaNeue-MediumCond.otf */; };
		E82A3000EC3B4C1BAA27EF2A /* HelveticaNeue-MediumCondObl.otf in Resources */ = {isa = PBXBuildFile; fileRef = 1631C50333F6468599A0D9B2 /* HelveticaNeue-MediumCondObl.otf */; };
		2C25C7EB16514AF1A7536A0D /* HelveticaNeue-MediumExt.otf in Resources */ = {isa = PBXBuildFile; fileRef = C1D96F06A8B54D2C95EA190D /* HelveticaNeue-MediumExt.otf */; };
		FD6C7F3636F24A56922D3E8E /* HelveticaNeue-MediumExtObl.otf in Resources */ = {isa = PBXBuildFile; fileRef = BC0DB8CBA01646DC85E5BF55 /* HelveticaNeue-MediumExtObl.otf */; };
		4039891B441942098D7DD4B2 /* HelveticaNeue-Roman.otf in Resources */ = {isa = PBXBuildFile; fileRef = FAA7A282FD124FD5B6D9773E /* HelveticaNeue-Roman.otf */; };
		45A2612BD0DD40F08D920941 /* HelveticaNeue-Thin.otf in Resources */ = {isa = PBXBuildFile; fileRef = 270A9943AA474EE995340617 /* HelveticaNeue-Thin.otf */; };
		85A5E667E44B4F34BA851DDE /* HelveticaNeue-ThinCond.otf in Resources */ = {isa = PBXBuildFile; fileRef = 61D5224AEB6E46838505232E /* HelveticaNeue-ThinCond.otf */; };
		3FB197A02D704ABCB8033134 /* HelveticaNeue-ThinCondObl.otf in Resources */ = {isa = PBXBuildFile; fileRef = 9660F0B691424919A0C2E864 /* HelveticaNeue-ThinCondObl.otf */; };
		D4B54B9B836B443BBB26F522 /* HelveticaNeue-ThinExtObl.otf in Resources */ = {isa = PBXBuildFile; fileRef = 93A785DDE03C498D99DD8DCE /* HelveticaNeue-ThinExtObl.otf */; };
		F0156A7741534C1F81B4CC3A /* HelveticaNeue-ThinItalic.otf in Resources */ = {isa = PBXBuildFile; fileRef = 2C48E4EF595B4C20A0F025BA /* HelveticaNeue-ThinItalic.otf */; };
		64C8FB5036EE4740995D96DA /* HelveticaNeue-UltraLigCond.otf in Resources */ = {isa = PBXBuildFile; fileRef = 1A74396814D34512B786EACE /* HelveticaNeue-UltraLigCond.otf */; };
		071D4D18EF85401CAAD2B421 /* HelveticaNeue-UltraLigCondObl.otf in Resources */ = {isa = PBXBuildFile; fileRef = 29077D46DED241D38ABBBF2B /* HelveticaNeue-UltraLigCondObl.otf */; };
		B76C98EC3E7E4E9595129636 /* HelveticaNeue-UltraLigExt.otf in Resources */ = {isa = PBXBuildFile; fileRef = 22AF8D4C480C4AA9A9AAB169 /* HelveticaNeue-UltraLigExt.otf */; };
		360235E406FC4E50BFA7CC68 /* HelveticaBlkIt.ttf in Resources */ = {isa = PBXBuildFile; fileRef = EFC6BEE1E09441959D5601F2 /* HelveticaBlkIt.ttf */; };
		B7EFD369BDBA4030B6CA3258 /* HelveticaNeueBold.ttf in Resources */ = {isa = PBXBuildFile; fileRef = 6BD8CDDF09AD4D1AA8F77453 /* HelveticaNeueBold.ttf */; };
		871CF872884A41F883AC8D9B /* HelveticaNeueBoldItalic.ttf in Resources */ = {isa = PBXBuildFile; fileRef = BC8B5B13CCCB4AE1A1EB67EF /* HelveticaNeueBoldItalic.ttf */; };
		9E49CA166E66463D8D2D088C /* HelveticaNeueCondensedBlack.ttf in Resources */ = {isa = PBXBuildFile; fileRef = 12C23ACF730F42E1854DDA7A /* HelveticaNeueCondensedBlack.ttf */; };
		8A66139D5C954B4FAC2F57C5 /* HelveticaNeueCondensedBold.ttf in Resources */ = {isa = PBXBuildFile; fileRef = E2517EB1670344CE8C7F18D8 /* HelveticaNeueCondensedBold.ttf */; };
		9503756ADAEB4BFA87000C9F /* HelveticaNeueItalic.ttf in Resources */ = {isa = PBXBuildFile; fileRef = 0E686F79929841E8BF7CE7B9 /* HelveticaNeueItalic.ttf */; };
		8A62D894B4B047D08870FA6D /* HelveticaNeueLight.ttf in Resources */ = {isa = PBXBuildFile; fileRef = F2273A62066B41ED914B1286 /* HelveticaNeueLight.ttf */; };
		6290B6D625684B14929707E7 /* HelveticaNeueLightItalic.ttf in Resources */ = {isa = PBXBuildFile; fileRef = 0882F7BD794B4316A6EF74F3 /* HelveticaNeueLightItalic.ttf */; };
		4038C0BB3B404DB89E925136 /* HelveticaNeueMedium.ttf in Resources */ = {isa = PBXBuildFile; fileRef = F858B6D248A04320AC0E1D57 /* HelveticaNeueMedium.ttf */; };
		DA8CEE12F945494E81DE94A4 /* HelveticaNeueUltraLight.ttf in Resources */ = {isa = PBXBuildFile; fileRef = EFDCE5E931FB49CBBA45B123 /* HelveticaNeueUltraLight.ttf */; };
		28B905895239460482BF2440 /* HelveticaNeueUltraLightItal.ttf in Resources */ = {isa = PBXBuildFile; fileRef = 992A940278E44AE49F6EEB85 /* HelveticaNeueUltraLightItal.ttf */; };
/* End PBXBuildFile section */

/* Begin PBXContainerItemProxy section */
		00E356F41AD99517003FC87E /* PBXContainerItemProxy */ = {
			isa = PBXContainerItemProxy;
			containerPortal = 83CBB9F71A601CBA00E9B192 /* Project object */;
			proxyType = 1;
			remoteGlobalIDString = 13B07F861A680F5B00A75B9A;
			remoteInfo = TaskManager;
		};
/* End PBXContainerItemProxy section */

/* Begin PBXFileReference section */
		00E356EE1AD99517003FC87E /* TaskManagerTests.xctest */ = {isa = PBXFileReference; explicitFileType = wrapper.cfbundle; includeInIndex = 0; path = TaskManagerTests.xctest; sourceTree = BUILT_PRODUCTS_DIR; };
		00E356F11AD99517003FC87E /* Info.plist */ = {isa = PBXFileReference; lastKnownFileType = text.plist.xml; path = Info.plist; sourceTree = "<group>"; };
		00E356F21AD99517003FC87E /* TaskManagerTests.m */ = {isa = PBXFileReference; lastKnownFileType = sourcecode.c.objc; path = TaskManagerTests.m; sourceTree = "<group>"; };
		13B07F961A680F5B00A75B9A /* TaskManager.app */ = {isa = PBXFileReference; explicitFileType = wrapper.application; includeInIndex = 0; path = TaskManager.app; sourceTree = BUILT_PRODUCTS_DIR; };
		13B07FAF1A68108700A75B9A /* AppDelegate.h */ = {isa = PBXFileReference; fileEncoding = 4; lastKnownFileType = sourcecode.c.h; name = AppDelegate.h; path = TaskManager/AppDelegate.h; sourceTree = "<group>"; };
		13B07FB01A68108700A75B9A /* AppDelegate.mm */ = {isa = PBXFileReference; fileEncoding = 4; lastKnownFileType = sourcecode.cpp.objcpp; name = AppDelegate.mm; path = TaskManager/AppDelegate.mm; sourceTree = "<group>"; };
		13B07FB51A68108700A75B9A /* Images.xcassets */ = {isa = PBXFileReference; lastKnownFileType = folder.assetcatalog; name = Images.xcassets; path = TaskManager/Images.xcassets; sourceTree = "<group>"; };
		13B07FB61A68108700A75B9A /* Info.plist */ = {isa = PBXFileReference; fileEncoding = 4; lastKnownFileType = text.plist.xml; name = Info.plist; path = TaskManager/Info.plist; sourceTree = "<group>"; };
		13B07FB71A68108700A75B9A /* main.m */ = {isa = PBXFileReference; fileEncoding = 4; lastKnownFileType = sourcecode.c.objc; name = main.m; path = TaskManager/main.m; sourceTree = "<group>"; };
		19F6CBCC0A4E27FBF8BF4A61 /* libPods-TaskManager-TaskManagerTests.a */ = {isa = PBXFileReference; explicitFileType = archive.ar; includeInIndex = 0; path = "libPods-TaskManager-TaskManagerTests.a"; sourceTree = BUILT_PRODUCTS_DIR; };
		3B4392A12AC88292D35C810B /* Pods-TaskManager.debug.xcconfig */ = {isa = PBXFileReference; includeInIndex = 1; lastKnownFileType = text.xcconfig; name = "Pods-TaskManager.debug.xcconfig"; path = "Target Support Files/Pods-TaskManager/Pods-TaskManager.debug.xcconfig"; sourceTree = "<group>"; };
		5709B34CF0A7D63546082F79 /* Pods-TaskManager.release.xcconfig */ = {isa = PBXFileReference; includeInIndex = 1; lastKnownFileType = text.xcconfig; name = "Pods-TaskManager.release.xcconfig"; path = "Target Support Files/Pods-TaskManager/Pods-TaskManager.release.xcconfig"; sourceTree = "<group>"; };
		5B7EB9410499542E8C5724F5 /* Pods-TaskManager-TaskManagerTests.debug.xcconfig */ = {isa = PBXFileReference; includeInIndex = 1; lastKnownFileType = text.xcconfig; name = "Pods-TaskManager-TaskManagerTests.debug.xcconfig"; path = "Target Support Files/Pods-TaskManager-TaskManagerTests/Pods-TaskManager-TaskManagerTests.debug.xcconfig"; sourceTree = "<group>"; };
		5DCACB8F33CDC322A6C60F78 /* libPods-TaskManager.a */ = {isa = PBXFileReference; explicitFileType = archive.ar; includeInIndex = 0; path = "libPods-TaskManager.a"; sourceTree = BUILT_PRODUCTS_DIR; };
		81AB9BB72411601600AC10FF /* LaunchScreen.storyboard */ = {isa = PBXFileReference; fileEncoding = 4; lastKnownFileType = file.storyboard; name = LaunchScreen.storyboard; path = TaskManager/LaunchScreen.storyboard; sourceTree = "<group>"; };
		89C6BE57DB24E9ADA2F236DE /* Pods-TaskManager-TaskManagerTests.release.xcconfig */ = {isa = PBXFileReference; includeInIndex = 1; lastKnownFileType = text.xcconfig; name = "Pods-TaskManager-TaskManagerTests.release.xcconfig"; path = "Target Support Files/Pods-TaskManager-TaskManagerTests/Pods-TaskManager-TaskManagerTests.release.xcconfig"; sourceTree = "<group>"; };
		ED297162215061F000B7C4FE /* JavaScriptCore.framework */ = {isa = PBXFileReference; lastKnownFileType = wrapper.framework; name = JavaScriptCore.framework; path = System/Library/Frameworks/JavaScriptCore.framework; sourceTree = SDKROOT; };
		CF3F2E921A394DB6B9C7FEF3 /* HelveticaNeue-Black.otf */ = {isa = PBXFileReference; name = "HelveticaNeue-Black.otf"; path = "../src/assets/fonts/HelveticaNeue-Black.otf"; sourceTree = "<group>"; fileEncoding = undefined; lastKnownFileType = unknown; explicitFileType = undefined; includeInIndex = 0; };
		8A84CB9CA3814737960A8A78 /* HelveticaNeue-BlackCond.otf */ = {isa = PBXFileReference; name = "HelveticaNeue-BlackCond.otf"; path = "../src/assets/fonts/HelveticaNeue-BlackCond.otf"; sourceTree = "<group>"; fileEncoding = undefined; lastKnownFileType = unknown; explicitFileType = undefined; includeInIndex = 0; };
		1F055C8DD90A40E1835B0AF5 /* HelveticaNeue-BlackCondObl.otf */ = {isa = PBXFileReference; name = "HelveticaNeue-BlackCondObl.otf"; path = "../src/assets/fonts/HelveticaNeue-BlackCondObl.otf"; sourceTree = "<group>"; fileEncoding = undefined; lastKnownFileType = unknown; explicitFileType = undefined; includeInIndex = 0; };
		210AEAD9782E4EFCA77BFC21 /* HelveticaNeue-BlackExt.otf */ = {isa = PBXFileReference; name = "HelveticaNeue-BlackExt.otf"; path = "../src/assets/fonts/HelveticaNeue-BlackExt.otf"; sourceTree = "<group>"; fileEncoding = undefined; lastKnownFileType = unknown; explicitFileType = undefined; includeInIndex = 0; };
		97436B8F6D1740579F14CC3E /* HelveticaNeue-BlackExtObl.otf */ = {isa = PBXFileReference; name = "HelveticaNeue-BlackExtObl.otf"; path = "../src/assets/fonts/HelveticaNeue-BlackExtObl.otf"; sourceTree = "<group>"; fileEncoding = undefined; lastKnownFileType = unknown; explicitFileType = undefined; includeInIndex = 0; };
		B25B7D3E89F74E3BB7049EE2 /* HelveticaNeue-BoldCondObl.otf */ = {isa = PBXFileReference; name = "HelveticaNeue-BoldCondObl.otf"; path = "../src/assets/fonts/HelveticaNeue-BoldCondObl.otf"; sourceTree = "<group>"; fileEncoding = undefined; lastKnownFileType = unknown; explicitFileType = undefined; includeInIndex = 0; };
		FA29D5E5A9C2425A96A927C1 /* HelveticaNeue-BoldExt.otf */ = {isa = PBXFileReference; name = "HelveticaNeue-BoldExt.otf"; path = "../src/assets/fonts/HelveticaNeue-BoldExt.otf"; sourceTree = "<group>"; fileEncoding = undefined; lastKnownFileType = unknown; explicitFileType = undefined; includeInIndex = 0; };
		953A263FED6443188C8A7B6B /* HelveticaNeue-BoldExtObl.otf */ = {isa = PBXFileReference; name = "HelveticaNeue-BoldExtObl.otf"; path = "../src/assets/fonts/HelveticaNeue-BoldExtObl.otf"; sourceTree = "<group>"; fileEncoding = undefined; lastKnownFileType = unknown; explicitFileType = undefined; includeInIndex = 0; };
		2F848196737943EC8C4E951C /* HelveticaNeue-Condensed.otf */ = {isa = PBXFileReference; name = "HelveticaNeue-Condensed.otf"; path = "../src/assets/fonts/HelveticaNeue-Condensed.otf"; sourceTree = "<group>"; fileEncoding = undefined; lastKnownFileType = unknown; explicitFileType = undefined; includeInIndex = 0; };
		6216C410689A43D9A04B6817 /* HelveticaNeue-CondensedObl.otf */ = {isa = PBXFileReference; name = "HelveticaNeue-CondensedObl.otf"; path = "../src/assets/fonts/HelveticaNeue-CondensedObl.otf"; sourceTree = "<group>"; fileEncoding = undefined; lastKnownFileType = unknown; explicitFileType = undefined; includeInIndex = 0; };
		B55581074CA948C38D77E044 /* HelveticaNeue-ExtBlackCond.otf */ = {isa = PBXFileReference; name = "HelveticaNeue-ExtBlackCond.otf"; path = "../src/assets/fonts/HelveticaNeue-ExtBlackCond.otf"; sourceTree = "<group>"; fileEncoding = undefined; lastKnownFileType = unknown; explicitFileType = undefined; includeInIndex = 0; };
		8702E539198446188BF42554 /* HelveticaNeue-ExtBlackCondObl.otf */ = {isa = PBXFileReference; name = "HelveticaNeue-ExtBlackCondObl.otf"; path = "../src/assets/fonts/HelveticaNeue-ExtBlackCondObl.otf"; sourceTree = "<group>"; fileEncoding = undefined; lastKnownFileType = unknown; explicitFileType = undefined; includeInIndex = 0; };
		F2039B5F51974D438B422EE2 /* HelveticaNeue-Extended.otf */ = {isa = PBXFileReference; name = "HelveticaNeue-Extended.otf"; path = "../src/assets/fonts/HelveticaNeue-Extended.otf"; sourceTree = "<group>"; fileEncoding = undefined; lastKnownFileType = unknown; explicitFileType = undefined; includeInIndex = 0; };
		23BAD1A6ED364950B034E28A /* HelveticaNeue-ExtendedObl.otf */ = {isa = PBXFileReference; name = "HelveticaNeue-ExtendedObl.otf"; path = "../src/assets/fonts/HelveticaNeue-ExtendedObl.otf"; sourceTree = "<group>"; fileEncoding = undefined; lastKnownFileType = unknown; explicitFileType = undefined; includeInIndex = 0; };
		83F4534CC34B40F4AC95F5BB /* HelveticaNeue-Heavy.otf */ = {isa = PBXFileReference; name = "HelveticaNeue-Heavy.otf"; path = "../src/assets/fonts/HelveticaNeue-Heavy.otf"; sourceTree = "<group>"; fileEncoding = undefined; lastKnownFileType = unknown; explicitFileType = undefined; includeInIndex = 0; };
		2B2899C2B3C3442BAE6C36B1 /* HelveticaNeue-HeavyCond.otf */ = {isa = PBXFileReference; name = "HelveticaNeue-HeavyCond.otf"; path = "../src/assets/fonts/HelveticaNeue-HeavyCond.otf"; sourceTree = "<group>"; fileEncoding = undefined; lastKnownFileType = unknown; explicitFileType = undefined; includeInIndex = 0; };
		C7733B76F4D445D1B2EE8671 /* HelveticaNeue-HeavyCondObl.otf */ = {isa = PBXFileReference; name = "HelveticaNeue-HeavyCondObl.otf"; path = "../src/assets/fonts/HelveticaNeue-HeavyCondObl.otf"; sourceTree = "<group>"; fileEncoding = undefined; lastKnownFileType = unknown; explicitFileType = undefined; includeInIndex = 0; };
		F8441584E35B4EC7B710D0F8 /* HelveticaNeue-HeavyExt.otf */ = {isa = PBXFileReference; name = "HelveticaNeue-HeavyExt.otf"; path = "../src/assets/fonts/HelveticaNeue-HeavyExt.otf"; sourceTree = "<group>"; fileEncoding = undefined; lastKnownFileType = unknown; explicitFileType = undefined; includeInIndex = 0; };
		8E5E86158A164059B65C1921 /* HelveticaNeue-HeavyExtObl.otf */ = {isa = PBXFileReference; name = "HelveticaNeue-HeavyExtObl.otf"; path = "../src/assets/fonts/HelveticaNeue-HeavyExtObl.otf"; sourceTree = "<group>"; fileEncoding = undefined; lastKnownFileType = unknown; explicitFileType = undefined; includeInIndex = 0; };
		5730B5AA0C2D4610A3E835C4 /* HelveticaNeue-HeavyItalic.otf */ = {isa = PBXFileReference; name = "HelveticaNeue-HeavyItalic.otf"; path = "../src/assets/fonts/HelveticaNeue-HeavyItalic.otf"; sourceTree = "<group>"; fileEncoding = undefined; lastKnownFileType = unknown; explicitFileType = undefined; includeInIndex = 0; };
		D6F3602A98F64A4180E3AFCA /* HelveticaNeue-Light.otf */ = {isa = PBXFileReference; name = "HelveticaNeue-Light.otf"; path = "../src/assets/fonts/HelveticaNeue-Light.otf"; sourceTree = "<group>"; fileEncoding = undefined; lastKnownFileType = unknown; explicitFileType = undefined; includeInIndex = 0; };
		FE6F013B90BA40A3B70391B0 /* HelveticaNeue-LightCondObl.otf */ = {isa = PBXFileReference; name = "HelveticaNeue-LightCondObl.otf"; path = "../src/assets/fonts/HelveticaNeue-LightCondObl.otf"; sourceTree = "<group>"; fileEncoding = undefined; lastKnownFileType = unknown; explicitFileType = undefined; includeInIndex = 0; };
		76363266EDA74AB1A20DC327 /* HelveticaNeue-LightExt.otf */ = {isa = PBXFileReference; name = "HelveticaNeue-LightExt.otf"; path = "../src/assets/fonts/HelveticaNeue-LightExt.otf"; sourceTree = "<group>"; fileEncoding = undefined; lastKnownFileType = unknown; explicitFileType = undefined; includeInIndex = 0; };
		B646C1FA0A5A4AB2BFEB759F /* HelveticaNeue-LightExtObl.otf */ = {isa = PBXFileReference; name = "HelveticaNeue-LightExtObl.otf"; path = "../src/assets/fonts/HelveticaNeue-LightExtObl.otf"; sourceTree = "<group>"; fileEncoding = undefined; lastKnownFileType = unknown; explicitFileType = undefined; includeInIndex = 0; };
		7ADFC246B3AB433B9810C198 /* HelveticaNeue-Medium.otf */ = {isa = PBXFileReference; name = "HelveticaNeue-Medium.otf"; path = "../src/assets/fonts/HelveticaNeue-Medium.otf"; sourceTree = "<group>"; fileEncoding = undefined; lastKnownFileType = unknown; explicitFileType = undefined; includeInIndex = 0; };
		D8B926126DA94884BAEF7799 /* HelveticaNeue-MediumCond.otf */ = {isa = PBXFileReference; name = "HelveticaNeue-MediumCond.otf"; path = "../src/assets/fonts/HelveticaNeue-MediumCond.otf"; sourceTree = "<group>"; fileEncoding = undefined; lastKnownFileType = unknown; explicitFileType = undefined; includeInIndex = 0; };
		1631C50333F6468599A0D9B2 /* HelveticaNeue-MediumCondObl.otf */ = {isa = PBXFileReference; name = "HelveticaNeue-MediumCondObl.otf"; path = "../src/assets/fonts/HelveticaNeue-MediumCondObl.otf"; sourceTree = "<group>"; fileEncoding = undefined; lastKnownFileType = unknown; explicitFileType = undefined; includeInIndex = 0; };
		C1D96F06A8B54D2C95EA190D /* HelveticaNeue-MediumExt.otf */ = {isa = PBXFileReference; name = "HelveticaNeue-MediumExt.otf"; path = "../src/assets/fonts/HelveticaNeue-MediumExt.otf"; sourceTree = "<group>"; fileEncoding = undefined; lastKnownFileType = unknown; explicitFileType = undefined; includeInIndex = 0; };
		BC0DB8CBA01646DC85E5BF55 /* HelveticaNeue-MediumExtObl.otf */ = {isa = PBXFileReference; name = "HelveticaNeue-MediumExtObl.otf"; path = "../src/assets/fonts/HelveticaNeue-MediumExtObl.otf"; sourceTree = "<group>"; fileEncoding = undefined; lastKnownFileType = unknown; explicitFileType = undefined; includeInIndex = 0; };
		FAA7A282FD124FD5B6D9773E /* HelveticaNeue-Roman.otf */ = {isa = PBXFileReference; name = "HelveticaNeue-Roman.otf"; path = "../src/assets/fonts/HelveticaNeue-Roman.otf"; sourceTree = "<group>"; fileEncoding = undefined; lastKnownFileType = unknown; explicitFileType = undefined; includeInIndex = 0; };
		270A9943AA474EE995340617 /* HelveticaNeue-Thin.otf */ = {isa = PBXFileReference; name = "HelveticaNeue-Thin.otf"; path = "../src/assets/fonts/HelveticaNeue-Thin.otf"; sourceTree = "<group>"; fileEncoding = undefined; lastKnownFileType = unknown; explicitFileType = undefined; includeInIndex = 0; };
		61D5224AEB6E46838505232E /* HelveticaNeue-ThinCond.otf */ = {isa = PBXFileReference; name = "HelveticaNeue-ThinCond.otf"; path = "../src/assets/fonts/HelveticaNeue-ThinCond.otf"; sourceTree = "<group>"; fileEncoding = undefined; lastKnownFileType = unknown; explicitFileType = undefined; includeInIndex = 0; };
		9660F0B691424919A0C2E864 /* HelveticaNeue-ThinCondObl.otf */ = {isa = PBXFileReference; name = "HelveticaNeue-ThinCondObl.otf"; path = "../src/assets/fonts/HelveticaNeue-ThinCondObl.otf"; sourceTree = "<group>"; fileEncoding = undefined; lastKnownFileType = unknown; explicitFileType = undefined; includeInIndex = 0; };
		93A785DDE03C498D99DD8DCE /* HelveticaNeue-ThinExtObl.otf */ = {isa = PBXFileReference; name = "HelveticaNeue-ThinExtObl.otf"; path = "../src/assets/fonts/HelveticaNeue-ThinExtObl.otf"; sourceTree = "<group>"; fileEncoding = undefined; lastKnownFileType = unknown; explicitFileType = undefined; includeInIndex = 0; };
		2C48E4EF595B4C20A0F025BA /* HelveticaNeue-ThinItalic.otf */ = {isa = PBXFileReference; name = "HelveticaNeue-ThinItalic.otf"; path = "../src/assets/fonts/HelveticaNeue-ThinItalic.otf"; sourceTree = "<group>"; fileEncoding = undefined; lastKnownFileType = unknown; explicitFileType = undefined; includeInIndex = 0; };
		1A74396814D34512B786EACE /* HelveticaNeue-UltraLigCond.otf */ = {isa = PBXFileReference; name = "HelveticaNeue-UltraLigCond.otf"; path = "../src/assets/fonts/HelveticaNeue-UltraLigCond.otf"; sourceTree = "<group>"; fileEncoding = undefined; lastKnownFileType = unknown; explicitFileType = undefined; includeInIndex = 0; };
		29077D46DED241D38ABBBF2B /* HelveticaNeue-UltraLigCondObl.otf */ = {isa = PBXFileReference; name = "HelveticaNeue-UltraLigCondObl.otf"; path = "../src/assets/fonts/HelveticaNeue-UltraLigCondObl.otf"; sourceTree = "<group>"; fileEncoding = undefined; lastKnownFileType = unknown; explicitFileType = undefined; includeInIndex = 0; };
		22AF8D4C480C4AA9A9AAB169 /* HelveticaNeue-UltraLigExt.otf */ = {isa = PBXFileReference; name = "HelveticaNeue-UltraLigExt.otf"; path = "../src/assets/fonts/HelveticaNeue-UltraLigExt.otf"; sourceTree = "<group>"; fileEncoding = undefined; lastKnownFileType = unknown; explicitFileType = undefined; includeInIndex = 0; };
		EFC6BEE1E09441959D5601F2 /* HelveticaBlkIt.ttf */ = {isa = PBXFileReference; name = "HelveticaBlkIt.ttf"; path = "../src/assets/fonts/HelveticaBlkIt.ttf"; sourceTree = "<group>"; fileEncoding = undefined; lastKnownFileType = unknown; explicitFileType = undefined; includeInIndex = 0; };
		6BD8CDDF09AD4D1AA8F77453 /* HelveticaNeueBold.ttf */ = {isa = PBXFileReference; name = "HelveticaNeueBold.ttf"; path = "../src/assets/fonts/HelveticaNeueBold.ttf"; sourceTree = "<group>"; fileEncoding = undefined; lastKnownFileType = unknown; explicitFileType = undefined; includeInIndex = 0; };
		BC8B5B13CCCB4AE1A1EB67EF /* HelveticaNeueBoldItalic.ttf */ = {isa = PBXFileReference; name = "HelveticaNeueBoldItalic.ttf"; path = "../src/assets/fonts/HelveticaNeueBoldItalic.ttf"; sourceTree = "<group>"; fileEncoding = undefined; lastKnownFileType = unknown; explicitFileType = undefined; includeInIndex = 0; };
		12C23ACF730F42E1854DDA7A /* HelveticaNeueCondensedBlack.ttf */ = {isa = PBXFileReference; name = "HelveticaNeueCondensedBlack.ttf"; path = "../src/assets/fonts/HelveticaNeueCondensedBlack.ttf"; sourceTree = "<group>"; fileEncoding = undefined; lastKnownFileType = unknown; explicitFileType = undefined; includeInIndex = 0; };
		E2517EB1670344CE8C7F18D8 /* HelveticaNeueCondensedBold.ttf */ = {isa = PBXFileReference; name = "HelveticaNeueCondensedBold.ttf"; path = "../src/assets/fonts/HelveticaNeueCondensedBold.ttf"; sourceTree = "<group>"; fileEncoding = undefined; lastKnownFileType = unknown; explicitFileType = undefined; includeInIndex = 0; };
		0E686F79929841E8BF7CE7B9 /* HelveticaNeueItalic.ttf */ = {isa = PBXFileReference; name = "HelveticaNeueItalic.ttf"; path = "../src/assets/fonts/HelveticaNeueItalic.ttf"; sourceTree = "<group>"; fileEncoding = undefined; lastKnownFileType = unknown; explicitFileType = undefined; includeInIndex = 0; };
		F2273A62066B41ED914B1286 /* HelveticaNeueLight.ttf */ = {isa = PBXFileReference; name = "HelveticaNeueLight.ttf"; path = "../src/assets/fonts/HelveticaNeueLight.ttf"; sourceTree = "<group>"; fileEncoding = undefined; lastKnownFileType = unknown; explicitFileType = undefined; includeInIndex = 0; };
		0882F7BD794B4316A6EF74F3 /* HelveticaNeueLightItalic.ttf */ = {isa = PBXFileReference; name = "HelveticaNeueLightItalic.ttf"; path = "../src/assets/fonts/HelveticaNeueLightItalic.ttf"; sourceTree = "<group>"; fileEncoding = undefined; lastKnownFileType = unknown; explicitFileType = undefined; includeInIndex = 0; };
		F858B6D248A04320AC0E1D57 /* HelveticaNeueMedium.ttf */ = {isa = PBXFileReference; name = "HelveticaNeueMedium.ttf"; path = "../src/assets/fonts/HelveticaNeueMedium.ttf"; sourceTree = "<group>"; fileEncoding = undefined; lastKnownFileType = unknown; explicitFileType = undefined; includeInIndex = 0; };
		EFDCE5E931FB49CBBA45B123 /* HelveticaNeueUltraLight.ttf */ = {isa = PBXFileReference; name = "HelveticaNeueUltraLight.ttf"; path = "../src/assets/fonts/HelveticaNeueUltraLight.ttf"; sourceTree = "<group>"; fileEncoding = undefined; lastKnownFileType = unknown; explicitFileType = undefined; includeInIndex = 0; };
		992A940278E44AE49F6EEB85 /* HelveticaNeueUltraLightItal.ttf */ = {isa = PBXFileReference; name = "HelveticaNeueUltraLightItal.ttf"; path = "../src/assets/fonts/HelveticaNeueUltraLightItal.ttf"; sourceTree = "<group>"; fileEncoding = undefined; lastKnownFileType = unknown; explicitFileType = undefined; includeInIndex = 0; };
/* End PBXFileReference section */

/* Begin PBXFrameworksBuildPhase section */
		00E356EB1AD99517003FC87E /* Frameworks */ = {
			isa = PBXFrameworksBuildPhase;
			buildActionMask = 2147483647;
			files = (
				7699B88040F8A987B510C191 /* libPods-TaskManager-TaskManagerTests.a in Frameworks */,
			);
			runOnlyForDeploymentPostprocessing = 0;
		};
		13B07F8C1A680F5B00A75B9A /* Frameworks */ = {
			isa = PBXFrameworksBuildPhase;
			buildActionMask = 2147483647;
			files = (
				0C80B921A6F3F58F76C31292 /* libPods-TaskManager.a in Frameworks */,
			);
			runOnlyForDeploymentPostprocessing = 0;
		};
/* End PBXFrameworksBuildPhase section */

/* Begin PBXGroup section */
		00E356EF1AD99517003FC87E /* TaskManagerTests */ = {
			isa = PBXGroup;
			children = (
				00E356F21AD99517003FC87E /* TaskManagerTests.m */,
				00E356F01AD99517003FC87E /* Supporting Files */,
			);
			path = TaskManagerTests;
			sourceTree = "<group>";
		};
		00E356F01AD99517003FC87E /* Supporting Files */ = {
			isa = PBXGroup;
			children = (
				00E356F11AD99517003FC87E /* Info.plist */,
			);
			name = "Supporting Files";
			sourceTree = "<group>";
		};
		13B07FAE1A68108700A75B9A /* TaskManager */ = {
			isa = PBXGroup;
			children = (
				13B07FAF1A68108700A75B9A /* AppDelegate.h */,
				13B07FB01A68108700A75B9A /* AppDelegate.mm */,
				13B07FB51A68108700A75B9A /* Images.xcassets */,
				13B07FB61A68108700A75B9A /* Info.plist */,
				81AB9BB72411601600AC10FF /* LaunchScreen.storyboard */,
				13B07FB71A68108700A75B9A /* main.m */,
			);
			name = TaskManager;
			sourceTree = "<group>";
		};
		2D16E6871FA4F8E400B85C8A /* Frameworks */ = {
			isa = PBXGroup;
			children = (
				ED297162215061F000B7C4FE /* JavaScriptCore.framework */,
				5DCACB8F33CDC322A6C60F78 /* libPods-TaskManager.a */,
				19F6CBCC0A4E27FBF8BF4A61 /* libPods-TaskManager-TaskManagerTests.a */,
			);
			name = Frameworks;
			sourceTree = "<group>";
		};
		832341AE1AAA6A7D00B99B32 /* Libraries */ = {
			isa = PBXGroup;
			children = (
			);
			name = Libraries;
			sourceTree = "<group>";
		};
		83CBB9F61A601CBA00E9B192 = {
			isa = PBXGroup;
			children = (
				13B07FAE1A68108700A75B9A /* TaskManager */,
				832341AE1AAA6A7D00B99B32 /* Libraries */,
				00E356EF1AD99517003FC87E /* TaskManagerTests */,
				83CBBA001A601CBA00E9B192 /* Products */,
				2D16E6871FA4F8E400B85C8A /* Frameworks */,
				BBD78D7AC51CEA395F1C20DB /* Pods */,
				C8C42ACF64E344F093A0CB2C /* Resources */,
			);
			indentWidth = 2;
			sourceTree = "<group>";
			tabWidth = 2;
			usesTabs = 0;
		};
		83CBBA001A601CBA00E9B192 /* Products */ = {
			isa = PBXGroup;
			children = (
				13B07F961A680F5B00A75B9A /* TaskManager.app */,
				00E356EE1AD99517003FC87E /* TaskManagerTests.xctest */,
			);
			name = Products;
			sourceTree = "<group>";
		};
		BBD78D7AC51CEA395F1C20DB /* Pods */ = {
			isa = PBXGroup;
			children = (
				3B4392A12AC88292D35C810B /* Pods-TaskManager.debug.xcconfig */,
				5709B34CF0A7D63546082F79 /* Pods-TaskManager.release.xcconfig */,
				5B7EB9410499542E8C5724F5 /* Pods-TaskManager-TaskManagerTests.debug.xcconfig */,
				89C6BE57DB24E9ADA2F236DE /* Pods-TaskManager-TaskManagerTests.release.xcconfig */,
			);
			path = Pods;
			sourceTree = "<group>";
		};
		C8C42ACF64E344F093A0CB2C /* Resources */ = {
			isa = "PBXGroup";
			children = (
				CF3F2E921A394DB6B9C7FEF3 /* HelveticaNeue-Black.otf */,
				8A84CB9CA3814737960A8A78 /* HelveticaNeue-BlackCond.otf */,
				1F055C8DD90A40E1835B0AF5 /* HelveticaNeue-BlackCondObl.otf */,
				210AEAD9782E4EFCA77BFC21 /* HelveticaNeue-BlackExt.otf */,
				97436B8F6D1740579F14CC3E /* HelveticaNeue-BlackExtObl.otf */,
				B25B7D3E89F74E3BB7049EE2 /* HelveticaNeue-BoldCondObl.otf */,
				FA29D5E5A9C2425A96A927C1 /* HelveticaNeue-BoldExt.otf */,
				953A263FED6443188C8A7B6B /* HelveticaNeue-BoldExtObl.otf */,
				2F848196737943EC8C4E951C /* HelveticaNeue-Condensed.otf */,
				6216C410689A43D9A04B6817 /* HelveticaNeue-CondensedObl.otf */,
				B55581074CA948C38D77E044 /* HelveticaNeue-ExtBlackCond.otf */,
				8702E539198446188BF42554 /* HelveticaNeue-ExtBlackCondObl.otf */,
				F2039B5F51974D438B422EE2 /* HelveticaNeue-Extended.otf */,
				23BAD1A6ED364950B034E28A /* HelveticaNeue-ExtendedObl.otf */,
				83F4534CC34B40F4AC95F5BB /* HelveticaNeue-Heavy.otf */,
				2B2899C2B3C3442BAE6C36B1 /* HelveticaNeue-HeavyCond.otf */,
				C7733B76F4D445D1B2EE8671 /* HelveticaNeue-HeavyCondObl.otf */,
				F8441584E35B4EC7B710D0F8 /* HelveticaNeue-HeavyExt.otf */,
				8E5E86158A164059B65C1921 /* HelveticaNeue-HeavyExtObl.otf */,
				5730B5AA0C2D4610A3E835C4 /* HelveticaNeue-HeavyItalic.otf */,
				D6F3602A98F64A4180E3AFCA /* HelveticaNeue-Light.otf */,
				FE6F013B90BA40A3B70391B0 /* HelveticaNeue-LightCondObl.otf */,
				76363266EDA74AB1A20DC327 /* HelveticaNeue-LightExt.otf */,
				B646C1FA0A5A4AB2BFEB759F /* HelveticaNeue-LightExtObl.otf */,
				7ADFC246B3AB433B9810C198 /* HelveticaNeue-Medium.otf */,
				D8B926126DA94884BAEF7799 /* HelveticaNeue-MediumCond.otf */,
				1631C50333F6468599A0D9B2 /* HelveticaNeue-MediumCondObl.otf */,
				C1D96F06A8B54D2C95EA190D /* HelveticaNeue-MediumExt.otf */,
				BC0DB8CBA01646DC85E5BF55 /* HelveticaNeue-MediumExtObl.otf */,
				FAA7A282FD124FD5B6D9773E /* HelveticaNeue-Roman.otf */,
				270A9943AA474EE995340617 /* HelveticaNeue-Thin.otf */,
				61D5224AEB6E46838505232E /* HelveticaNeue-ThinCond.otf */,
				9660F0B691424919A0C2E864 /* HelveticaNeue-ThinCondObl.otf */,
				93A785DDE03C498D99DD8DCE /* HelveticaNeue-ThinExtObl.otf */,
				2C48E4EF595B4C20A0F025BA /* HelveticaNeue-ThinItalic.otf */,
				1A74396814D34512B786EACE /* HelveticaNeue-UltraLigCond.otf */,
				29077D46DED241D38ABBBF2B /* HelveticaNeue-UltraLigCondObl.otf */,
				22AF8D4C480C4AA9A9AAB169 /* HelveticaNeue-UltraLigExt.otf */,
				EFC6BEE1E09441959D5601F2 /* HelveticaBlkIt.ttf */,
				6BD8CDDF09AD4D1AA8F77453 /* HelveticaNeueBold.ttf */,
				BC8B5B13CCCB4AE1A1EB67EF /* HelveticaNeueBoldItalic.ttf */,
				12C23ACF730F42E1854DDA7A /* HelveticaNeueCondensedBlack.ttf */,
				E2517EB1670344CE8C7F18D8 /* HelveticaNeueCondensedBold.ttf */,
				0E686F79929841E8BF7CE7B9 /* HelveticaNeueItalic.ttf */,
				F2273A62066B41ED914B1286 /* HelveticaNeueLight.ttf */,
				0882F7BD794B4316A6EF74F3 /* HelveticaNeueLightItalic.ttf */,
				F858B6D248A04320AC0E1D57 /* HelveticaNeueMedium.ttf */,
				EFDCE5E931FB49CBBA45B123 /* HelveticaNeueUltraLight.ttf */,
				992A940278E44AE49F6EEB85 /* HelveticaNeueUltraLightItal.ttf */,
			);
			name = Resources;
			sourceTree = "<group>";
			path = "";
		};
/* End PBXGroup section */

/* Begin PBXNativeTarget section */
		00E356ED1AD99517003FC87E /* TaskManagerTests */ = {
			isa = PBXNativeTarget;
			buildConfigurationList = 00E357021AD99517003FC87E /* Build configuration list for PBXNativeTarget "TaskManagerTests" */;
			buildPhases = (
				A55EABD7B0C7F3A422A6CC61 /* [CP] Check Pods Manifest.lock */,
				00E356EA1AD99517003FC87E /* Sources */,
				00E356EB1AD99517003FC87E /* Frameworks */,
				00E356EC1AD99517003FC87E /* Resources */,
				C59DA0FBD6956966B86A3779 /* [CP] Embed Pods Frameworks */,
				F6A41C54EA430FDDC6A6ED99 /* [CP] Copy Pods Resources */,
			);
			buildRules = (
			);
			dependencies = (
				00E356F51AD99517003FC87E /* PBXTargetDependency */,
			);
			name = TaskManagerTests;
			productName = TaskManagerTests;
			productReference = 00E356EE1AD99517003FC87E /* TaskManagerTests.xctest */;
			productType = "com.apple.product-type.bundle.unit-test";
		};
		13B07F861A680F5B00A75B9A /* TaskManager */ = {
			isa = PBXNativeTarget;
			buildConfigurationList = 13B07F931A680F5B00A75B9A /* Build configuration list for PBXNativeTarget "TaskManager" */;
			buildPhases = (
				C38B50BA6285516D6DCD4F65 /* [CP] Check Pods Manifest.lock */,
				13B07F871A680F5B00A75B9A /* Sources */,
				13B07F8C1A680F5B00A75B9A /* Frameworks */,
				13B07F8E1A680F5B00A75B9A /* Resources */,
				00DD1BFF1BD5951E006B06BC /* Bundle React Native code and images */,
				00EEFC60759A1932668264C0 /* [CP] Embed Pods Frameworks */,
				E235C05ADACE081382539298 /* [CP] Copy Pods Resources */,
			);
			buildRules = (
			);
			dependencies = (
			);
			name = TaskManager;
			productName = TaskManager;
			productReference = 13B07F961A680F5B00A75B9A /* TaskManager.app */;
			productType = "com.apple.product-type.application";
		};
/* End PBXNativeTarget section */

/* Begin PBXProject section */
		83CBB9F71A601CBA00E9B192 /* Project object */ = {
			isa = PBXProject;
			attributes = {
				LastUpgradeCheck = 1210;
				TargetAttributes = {
					00E356ED1AD99517003FC87E = {
						CreatedOnToolsVersion = 6.2;
						TestTargetID = 13B07F861A680F5B00A75B9A;
					};
					13B07F861A680F5B00A75B9A = {
						LastSwiftMigration = 1120;
					};
				};
			};
			buildConfigurationList = 83CBB9FA1A601CBA00E9B192 /* Build configuration list for PBXProject "TaskManager" */;
			compatibilityVersion = "Xcode 12.0";
			developmentRegion = en;
			hasScannedForEncodings = 0;
			knownRegions = (
				en,
				Base,
			);
			mainGroup = 83CBB9F61A601CBA00E9B192;
			productRefGroup = 83CBBA001A601CBA00E9B192 /* Products */;
			projectDirPath = "";
			projectRoot = "";
			targets = (
				13B07F861A680F5B00A75B9A /* TaskManager */,
				00E356ED1AD99517003FC87E /* TaskManagerTests */,
			);
		};
/* End PBXProject section */

/* Begin PBXResourcesBuildPhase section */
		00E356EC1AD99517003FC87E /* Resources */ = {
			isa = PBXResourcesBuildPhase;
			buildActionMask = 2147483647;
			files = (
			);
			runOnlyForDeploymentPostprocessing = 0;
		};
		13B07F8E1A680F5B00A75B9A /* Resources */ = {
			isa = PBXResourcesBuildPhase;
			buildActionMask = 2147483647;
			files = (
				81AB9BB82411601600AC10FF /* LaunchScreen.storyboard in Resources */,
				13B07FBF1A68108700A75B9A /* Images.xcassets in Resources */,
				8985C36BB674414B95E96A5E /* HelveticaNeue-Black.otf in Resources */,
				285ED7A842124224B3407BCA /* HelveticaNeue-BlackCond.otf in Resources */,
				07FA4F41F64D4178A1C9498C /* HelveticaNeue-BlackCondObl.otf in Resources */,
				5814EA0C2E67428DAADFB320 /* HelveticaNeue-BlackExt.otf in Resources */,
				79BBD76572B941F790243D64 /* HelveticaNeue-BlackExtObl.otf in Resources */,
				B359E8315326454EB39FAFD7 /* HelveticaNeue-BoldCondObl.otf in Resources */,
				D166816453E54043BC11FAE9 /* HelveticaNeue-BoldExt.otf in Resources */,
				534ED1760E1E41288B3F4F54 /* HelveticaNeue-BoldExtObl.otf in Resources */,
				E2656A8B906644FBAFD21B19 /* HelveticaNeue-Condensed.otf in Resources */,
				8D9FC32986D04F1AAE163484 /* HelveticaNeue-CondensedObl.otf in Resources */,
				E711BF9B4568467EA17DF5B5 /* HelveticaNeue-ExtBlackCond.otf in Resources */,
				D7B41D170E6240CEA9B1A0B9 /* HelveticaNeue-ExtBlackCondObl.otf in Resources */,
				EAADD57105B24F59A407E6C9 /* HelveticaNeue-Extended.otf in Resources */,
				643B4B6D82BF45F9A28CD2A3 /* HelveticaNeue-ExtendedObl.otf in Resources */,
				5EF81EFDF0974A879F6587AB /* HelveticaNeue-Heavy.otf in Resources */,
				EE956CD038E3429A850CB184 /* HelveticaNeue-HeavyCond.otf in Resources */,
				A05876CED3214AE99BF5DDA9 /* HelveticaNeue-HeavyCondObl.otf in Resources */,
				576B5F7B240E4CD18286D90A /* HelveticaNeue-HeavyExt.otf in Resources */,
				5C339BC8BCB1401390681359 /* HelveticaNeue-HeavyExtObl.otf in Resources */,
				184D6ACD0D914E00917DA3BC /* HelveticaNeue-HeavyItalic.otf in Resources */,
				2F9AB9AAE57C4AF8829D5C69 /* HelveticaNeue-Light.otf in Resources */,
				9051C8F33255438FA9A7A1CD /* HelveticaNeue-LightCondObl.otf in Resources */,
				76B5EBBD5A4E453D9B86C7FF /* HelveticaNeue-LightExt.otf in Resources */,
				E871984B0CD7414B9F29D757 /* HelveticaNeue-LightExtObl.otf in Resources */,
				0D302F59AE3344C6B0688A04 /* HelveticaNeue-Medium.otf in Resources */,
				0F0D44E4B4D14720A90C5537 /* HelveticaNeue-MediumCond.otf in Resources */,
				E82A3000EC3B4C1BAA27EF2A /* HelveticaNeue-MediumCondObl.otf in Resources */,
				2C25C7EB16514AF1A7536A0D /* HelveticaNeue-MediumExt.otf in Resources */,
				FD6C7F3636F24A56922D3E8E /* HelveticaNeue-MediumExtObl.otf in Resources */,
				4039891B441942098D7DD4B2 /* HelveticaNeue-Roman.otf in Resources */,
				45A2612BD0DD40F08D920941 /* HelveticaNeue-Thin.otf in Resources */,
				85A5E667E44B4F34BA851DDE /* HelveticaNeue-ThinCond.otf in Resources */,
				3FB197A02D704ABCB8033134 /* HelveticaNeue-ThinCondObl.otf in Resources */,
				D4B54B9B836B443BBB26F522 /* HelveticaNeue-ThinExtObl.otf in Resources */,
				F0156A7741534C1F81B4CC3A /* HelveticaNeue-ThinItalic.otf in Resources */,
				64C8FB5036EE4740995D96DA /* HelveticaNeue-UltraLigCond.otf in Resources */,
				071D4D18EF85401CAAD2B421 /* HelveticaNeue-UltraLigCondObl.otf in Resources */,
				B76C98EC3E7E4E9595129636 /* HelveticaNeue-UltraLigExt.otf in Resources */,
				360235E406FC4E50BFA7CC68 /* HelveticaBlkIt.ttf in Resources */,
				B7EFD369BDBA4030B6CA3258 /* HelveticaNeueBold.ttf in Resources */,
				871CF872884A41F883AC8D9B /* HelveticaNeueBoldItalic.ttf in Resources */,
				9E49CA166E66463D8D2D088C /* HelveticaNeueCondensedBlack.ttf in Resources */,
				8A66139D5C954B4FAC2F57C5 /* HelveticaNeueCondensedBold.ttf in Resources */,
				9503756ADAEB4BFA87000C9F /* HelveticaNeueItalic.ttf in Resources */,
				8A62D894B4B047D08870FA6D /* HelveticaNeueLight.ttf in Resources */,
				6290B6D625684B14929707E7 /* HelveticaNeueLightItalic.ttf in Resources */,
				4038C0BB3B404DB89E925136 /* HelveticaNeueMedium.ttf in Resources */,
				DA8CEE12F945494E81DE94A4 /* HelveticaNeueUltraLight.ttf in Resources */,
				28B905895239460482BF2440 /* HelveticaNeueUltraLightItal.ttf in Resources */,
			);
			runOnlyForDeploymentPostprocessing = 0;
		};
/* End PBXResourcesBuildPhase section */

/* Begin PBXShellScriptBuildPhase section */
		00DD1BFF1BD5951E006B06BC /* Bundle React Native code and images */ = {
			isa = PBXShellScriptBuildPhase;
			buildActionMask = 2147483647;
			files = (
			);
			inputPaths = (
				"$(SRCROOT)/.xcode.env.local",
				"$(SRCROOT)/.xcode.env",
			);
			name = "Bundle React Native code and images";
			outputPaths = (
			);
			runOnlyForDeploymentPostprocessing = 0;
			shellPath = /bin/sh;
			shellScript = "set -e\n\nWITH_ENVIRONMENT=\"../node_modules/react-native/scripts/xcode/with-environment.sh\"\nREACT_NATIVE_XCODE=\"../node_modules/react-native/scripts/react-native-xcode.sh\"\n\n/bin/sh -c \"$WITH_ENVIRONMENT $REACT_NATIVE_XCODE\"\n";
		};
		00EEFC60759A1932668264C0 /* [CP] Embed Pods Frameworks */ = {
			isa = PBXShellScriptBuildPhase;
			buildActionMask = 2147483647;
			files = (
			);
			inputFileListPaths = (
				"${PODS_ROOT}/Target Support Files/Pods-TaskManager/Pods-TaskManager-frameworks-${CONFIGURATION}-input-files.xcfilelist",
			);
			name = "[CP] Embed Pods Frameworks";
			outputFileListPaths = (
				"${PODS_ROOT}/Target Support Files/Pods-TaskManager/Pods-TaskManager-frameworks-${CONFIGURATION}-output-files.xcfilelist",
			);
			runOnlyForDeploymentPostprocessing = 0;
			shellPath = /bin/sh;
			shellScript = "\"${PODS_ROOT}/Target Support Files/Pods-TaskManager/Pods-TaskManager-frameworks.sh\"\n";
			showEnvVarsInLog = 0;
		};
		A55EABD7B0C7F3A422A6CC61 /* [CP] Check Pods Manifest.lock */ = {
			isa = PBXShellScriptBuildPhase;
			buildActionMask = 2147483647;
			files = (
			);
			inputFileListPaths = (
			);
			inputPaths = (
				"${PODS_PODFILE_DIR_PATH}/Podfile.lock",
				"${PODS_ROOT}/Manifest.lock",
			);
			name = "[CP] Check Pods Manifest.lock";
			outputFileListPaths = (
			);
			outputPaths = (
				"$(DERIVED_FILE_DIR)/Pods-TaskManager-TaskManagerTests-checkManifestLockResult.txt",
			);
			runOnlyForDeploymentPostprocessing = 0;
			shellPath = /bin/sh;
			shellScript = "diff \"${PODS_PODFILE_DIR_PATH}/Podfile.lock\" \"${PODS_ROOT}/Manifest.lock\" > /dev/null\nif [ $? != 0 ] ; then\n    # print error to STDERR\n    echo \"error: The sandbox is not in sync with the Podfile.lock. Run 'pod install' or update your CocoaPods installation.\" >&2\n    exit 1\nfi\n# This output is used by Xcode 'outputs' to avoid re-running this script phase.\necho \"SUCCESS\" > \"${SCRIPT_OUTPUT_FILE_0}\"\n";
			showEnvVarsInLog = 0;
		};
		C38B50BA6285516D6DCD4F65 /* [CP] Check Pods Manifest.lock */ = {
			isa = PBXShellScriptBuildPhase;
			buildActionMask = 2147483647;
			files = (
			);
			inputFileListPaths = (
			);
			inputPaths = (
				"${PODS_PODFILE_DIR_PATH}/Podfile.lock",
				"${PODS_ROOT}/Manifest.lock",
			);
			name = "[CP] Check Pods Manifest.lock";
			outputFileListPaths = (
			);
			outputPaths = (
				"$(DERIVED_FILE_DIR)/Pods-TaskManager-checkManifestLockResult.txt",
			);
			runOnlyForDeploymentPostprocessing = 0;
			shellPath = /bin/sh;
			shellScript = "diff \"${PODS_PODFILE_DIR_PATH}/Podfile.lock\" \"${PODS_ROOT}/Manifest.lock\" > /dev/null\nif [ $? != 0 ] ; then\n    # print error to STDERR\n    echo \"error: The sandbox is not in sync with the Podfile.lock. Run 'pod install' or update your CocoaPods installation.\" >&2\n    exit 1\nfi\n# This output is used by Xcode 'outputs' to avoid re-running this script phase.\necho \"SUCCESS\" > \"${SCRIPT_OUTPUT_FILE_0}\"\n";
			showEnvVarsInLog = 0;
		};
		C59DA0FBD6956966B86A3779 /* [CP] Embed Pods Frameworks */ = {
			isa = PBXShellScriptBuildPhase;
			buildActionMask = 2147483647;
			files = (
			);
			inputFileListPaths = (
				"${PODS_ROOT}/Target Support Files/Pods-TaskManager-TaskManagerTests/Pods-TaskManager-TaskManagerTests-frameworks-${CONFIGURATION}-input-files.xcfilelist",
			);
			name = "[CP] Embed Pods Frameworks";
			outputFileListPaths = (
				"${PODS_ROOT}/Target Support Files/Pods-TaskManager-TaskManagerTests/Pods-TaskManager-TaskManagerTests-frameworks-${CONFIGURATION}-output-files.xcfilelist",
			);
			runOnlyForDeploymentPostprocessing = 0;
			shellPath = /bin/sh;
			shellScript = "\"${PODS_ROOT}/Target Support Files/Pods-TaskManager-TaskManagerTests/Pods-TaskManager-TaskManagerTests-frameworks.sh\"\n";
			showEnvVarsInLog = 0;
		};
		E235C05ADACE081382539298 /* [CP] Copy Pods Resources */ = {
			isa = PBXShellScriptBuildPhase;
			buildActionMask = 2147483647;
			files = (
			);
			inputFileListPaths = (
				"${PODS_ROOT}/Target Support Files/Pods-TaskManager/Pods-TaskManager-resources-${CONFIGURATION}-input-files.xcfilelist",
			);
			name = "[CP] Copy Pods Resources";
			outputFileListPaths = (
				"${PODS_ROOT}/Target Support Files/Pods-TaskManager/Pods-TaskManager-resources-${CONFIGURATION}-output-files.xcfilelist",
			);
			runOnlyForDeploymentPostprocessing = 0;
			shellPath = /bin/sh;
			shellScript = "\"${PODS_ROOT}/Target Support Files/Pods-TaskManager/Pods-TaskManager-resources.sh\"\n";
			showEnvVarsInLog = 0;
		};
		F6A41C54EA430FDDC6A6ED99 /* [CP] Copy Pods Resources */ = {
			isa = PBXShellScriptBuildPhase;
			buildActionMask = 2147483647;
			files = (
			);
			inputFileListPaths = (
				"${PODS_ROOT}/Target Support Files/Pods-TaskManager-TaskManagerTests/Pods-TaskManager-TaskManagerTests-resources-${CONFIGURATION}-input-files.xcfilelist",
			);
			name = "[CP] Copy Pods Resources";
			outputFileListPaths = (
				"${PODS_ROOT}/Target Support Files/Pods-TaskManager-TaskManagerTests/Pods-TaskManager-TaskManagerTests-resources-${CONFIGURATION}-output-files.xcfilelist",
			);
			runOnlyForDeploymentPostprocessing = 0;
			shellPath = /bin/sh;
			shellScript = "\"${PODS_ROOT}/Target Support Files/Pods-TaskManager-TaskManagerTests/Pods-TaskManager-TaskManagerTests-resources.sh\"\n";
			showEnvVarsInLog = 0;
		};
/* End PBXShellScriptBuildPhase section */

/* Begin PBXSourcesBuildPhase section */
		00E356EA1AD99517003FC87E /* Sources */ = {
			isa = PBXSourcesBuildPhase;
			buildActionMask = 2147483647;
			files = (
				00E356F31AD99517003FC87E /* TaskManagerTests.m in Sources */,
			);
			runOnlyForDeploymentPostprocessing = 0;
		};
		13B07F871A680F5B00A75B9A /* Sources */ = {
			isa = PBXSourcesBuildPhase;
			buildActionMask = 2147483647;
			files = (
				13B07FBC1A68108700A75B9A /* AppDelegate.mm in Sources */,
				13B07FC11A68108700A75B9A /* main.m in Sources */,
			);
			runOnlyForDeploymentPostprocessing = 0;
		};
/* End PBXSourcesBuildPhase section */

/* Begin PBXTargetDependency section */
		00E356F51AD99517003FC87E /* PBXTargetDependency */ = {
			isa = PBXTargetDependency;
			target = 13B07F861A680F5B00A75B9A /* TaskManager */;
			targetProxy = 00E356F41AD99517003FC87E /* PBXContainerItemProxy */;
		};
/* End PBXTargetDependency section */

/* Begin XCBuildConfiguration section */
		00E356F61AD99517003FC87E /* Debug */ = {
			isa = XCBuildConfiguration;
			baseConfigurationReference = 5B7EB9410499542E8C5724F5 /* Pods-TaskManager-TaskManagerTests.debug.xcconfig */;
			buildSettings = {
				BUNDLE_LOADER = "$(TEST_HOST)";
				GCC_PREPROCESSOR_DEFINITIONS = (
					"DEBUG=1",
					"$(inherited)",
				);
				INFOPLIST_FILE = TaskManagerTests/Info.plist;
				IPHONEOS_DEPLOYMENT_TARGET = 13.4;
				LD_RUNPATH_SEARCH_PATHS = (
					"$(inherited)",
					"@executable_path/Frameworks",
					"@loader_path/Frameworks",
				);
				OTHER_LDFLAGS = (
					"-ObjC",
					"-lc++",
					"$(inherited)",
				);
				PRODUCT_BUNDLE_IDENTIFIER = "org.reactjs.native.example.$(PRODUCT_NAME:rfc1034identifier)";
				PRODUCT_NAME = "$(TARGET_NAME)";
				TEST_HOST = "$(BUILT_PRODUCTS_DIR)/TaskManager.app/TaskManager";
			};
			name = Debug;
		};
		00E356F71AD99517003FC87E /* Release */ = {
			isa = XCBuildConfiguration;
			baseConfigurationReference = 89C6BE57DB24E9ADA2F236DE /* Pods-TaskManager-TaskManagerTests.release.xcconfig */;
			buildSettings = {
				BUNDLE_LOADER = "$(TEST_HOST)";
				COPY_PHASE_STRIP = NO;
				INFOPLIST_FILE = TaskManagerTests/Info.plist;
				IPHONEOS_DEPLOYMENT_TARGET = 13.4;
				LD_RUNPATH_SEARCH_PATHS = (
					"$(inherited)",
					"@executable_path/Frameworks",
					"@loader_path/Frameworks",
				);
				OTHER_LDFLAGS = (
					"-ObjC",
					"-lc++",
					"$(inherited)",
				);
				PRODUCT_BUNDLE_IDENTIFIER = "org.reactjs.native.example.$(PRODUCT_NAME:rfc1034identifier)";
				PRODUCT_NAME = "$(TARGET_NAME)";
				TEST_HOST = "$(BUILT_PRODUCTS_DIR)/TaskManager.app/TaskManager";
			};
			name = Release;
		};
		13B07F941A680F5B00A75B9A /* Debug */ = {
			isa = XCBuildConfiguration;
			baseConfigurationReference = 3B4392A12AC88292D35C810B /* Pods-TaskManager.debug.xcconfig */;
			buildSettings = {
				ASSETCATALOG_COMPILER_APPICON_NAME = AppIcon;
				CLANG_ENABLE_MODULES = YES;
				CURRENT_PROJECT_VERSION = 1;
				ENABLE_BITCODE = NO;
				INFOPLIST_FILE = TaskManager/Info.plist;
				LD_RUNPATH_SEARCH_PATHS = (
					"$(inherited)",
					"@executable_path/Frameworks",
				);
				MARKETING_VERSION = 1.0;
				OTHER_LDFLAGS = (
					"$(inherited)",
					"-ObjC",
					"-lc++",
				);
				PRODUCT_BUNDLE_IDENTIFIER = "org.reactjs.native.example.$(PRODUCT_NAME:rfc1034identifier)";
				PRODUCT_NAME = TaskManager;
				SWIFT_OPTIMIZATION_LEVEL = "-Onone";
				SWIFT_VERSION = 5.0;
				VERSIONING_SYSTEM = "apple-generic";
			};
			name = Debug;
		};
		13B07F951A680F5B00A75B9A /* Release */ = {
			isa = XCBuildConfiguration;
			baseConfigurationReference = 5709B34CF0A7D63546082F79 /* Pods-TaskManager.release.xcconfig */;
			buildSettings = {
				ASSETCATALOG_COMPILER_APPICON_NAME = AppIcon;
				CLANG_ENABLE_MODULES = YES;
				CURRENT_PROJECT_VERSION = 1;
				INFOPLIST_FILE = TaskManager/Info.plist;
				LD_RUNPATH_SEARCH_PATHS = (
					"$(inherited)",
					"@executable_path/Frameworks",
				);
				MARKETING_VERSION = 1.0;
				OTHER_LDFLAGS = (
					"$(inherited)",
					"-ObjC",
					"-lc++",
				);
				PRODUCT_BUNDLE_IDENTIFIER = "org.reactjs.native.example.$(PRODUCT_NAME:rfc1034identifier)";
				PRODUCT_NAME = TaskManager;
				SWIFT_VERSION = 5.0;
				VERSIONING_SYSTEM = "apple-generic";
			};
			name = Release;
		};
		83CBBA201A601CBA00E9B192 /* Debug */ = {
			isa = XCBuildConfiguration;
			buildSettings = {
				ALWAYS_SEARCH_USER_PATHS = NO;
				CLANG_ANALYZER_LOCALIZABILITY_NONLOCALIZED = YES;
				CLANG_CXX_LANGUAGE_STANDARD = "c++20";
				CLANG_CXX_LIBRARY = "libc++";
				CLANG_ENABLE_MODULES = YES;
				CLANG_ENABLE_OBJC_ARC = YES;
				CLANG_WARN_BLOCK_CAPTURE_AUTORELEASING = YES;
				CLANG_WARN_BOOL_CONVERSION = YES;
				CLANG_WARN_COMMA = YES;
				CLANG_WARN_CONSTANT_CONVERSION = YES;
				CLANG_WARN_DEPRECATED_OBJC_IMPLEMENTATIONS = YES;
				CLANG_WARN_DIRECT_OBJC_ISA_USAGE = YES_ERROR;
				CLANG_WARN_EMPTY_BODY = YES;
				CLANG_WARN_ENUM_CONVERSION = YES;
				CLANG_WARN_INFINITE_RECURSION = YES;
				CLANG_WARN_INT_CONVERSION = YES;
				CLANG_WARN_NON_LITERAL_NULL_CONVERSION = YES;
				CLANG_WARN_OBJC_IMPLICIT_RETAIN_SELF = YES;
				CLANG_WARN_OBJC_LITERAL_CONVERSION = YES;
				CLANG_WARN_OBJC_ROOT_CLASS = YES_ERROR;
				CLANG_WARN_QUOTED_INCLUDE_IN_FRAMEWORK_HEADER = YES;
				CLANG_WARN_RANGE_LOOP_ANALYSIS = YES;
				CLANG_WARN_STRICT_PROTOTYPES = YES;
				CLANG_WARN_SUSPICIOUS_MOVE = YES;
				CLANG_WARN_UNREACHABLE_CODE = YES;
				CLANG_WARN__DUPLICATE_METHOD_MATCH = YES;
				"CODE_SIGN_IDENTITY[sdk=iphoneos*]" = "iPhone Developer";
				COPY_PHASE_STRIP = NO;
				ENABLE_STRICT_OBJC_MSGSEND = YES;
				ENABLE_TESTABILITY = YES;
				"EXCLUDED_ARCHS[sdk=iphonesimulator*]" = "";
				GCC_C_LANGUAGE_STANDARD = gnu99;
				GCC_DYNAMIC_NO_PIC = NO;
				GCC_NO_COMMON_BLOCKS = YES;
				GCC_OPTIMIZATION_LEVEL = 0;
				GCC_PREPROCESSOR_DEFINITIONS = (
					"DEBUG=1",
					"$(inherited)",
				);
				GCC_SYMBOLS_PRIVATE_EXTERN = NO;
				GCC_WARN_64_TO_32_BIT_CONVERSION = YES;
				GCC_WARN_ABOUT_RETURN_TYPE = YES_ERROR;
				GCC_WARN_UNDECLARED_SELECTOR = YES;
				GCC_WARN_UNINITIALIZED_AUTOS = YES_AGGRESSIVE;
				GCC_WARN_UNUSED_FUNCTION = YES;
				GCC_WARN_UNUSED_VARIABLE = YES;
				IPHONEOS_DEPLOYMENT_TARGET = 13.4;
				LD_RUNPATH_SEARCH_PATHS = (
					/usr/lib/swift,
					"$(inherited)",
				);
				LIBRARY_SEARCH_PATHS = (
					"\"$(SDKROOT)/usr/lib/swift\"",
					"\"$(TOOLCHAIN_DIR)/usr/lib/swift/$(PLATFORM_NAME)\"",
					"\"$(inherited)\"",
				);
				MTL_ENABLE_DEBUG_INFO = YES;
				ONLY_ACTIVE_ARCH = YES;
				OTHER_CPLUSPLUSFLAGS = (
					"$(OTHER_CFLAGS)",
					"-DFOLLY_NO_CONFIG",
					"-DFOLLY_MOBILE=1",
					"-DFOLLY_USE_LIBCPP=1",
					"-DFOLLY_CFG_NO_COROUTINES=1",
				);
				SDKROOT = iphoneos;
			};
			name = Debug;
		};
		83CBBA211A601CBA00E9B192 /* Release */ = {
			isa = XCBuildConfiguration;
			buildSettings = {
				ALWAYS_SEARCH_USER_PATHS = NO;
				CLANG_ANALYZER_LOCALIZABILITY_NONLOCALIZED = YES;
				CLANG_CXX_LANGUAGE_STANDARD = "c++20";
				CLANG_CXX_LIBRARY = "libc++";
				CLANG_ENABLE_MODULES = YES;
				CLANG_ENABLE_OBJC_ARC = YES;
				CLANG_WARN_BLOCK_CAPTURE_AUTORELEASING = YES;
				CLANG_WARN_BOOL_CONVERSION = YES;
				CLANG_WARN_COMMA = YES;
				CLANG_WARN_CONSTANT_CONVERSION = YES;
				CLANG_WARN_DEPRECATED_OBJC_IMPLEMENTATIONS = YES;
				CLANG_WARN_DIRECT_OBJC_ISA_USAGE = YES_ERROR;
				CLANG_WARN_EMPTY_BODY = YES;
				CLANG_WARN_ENUM_CONVERSION = YES;
				CLANG_WARN_INFINITE_RECURSION = YES;
				CLANG_WARN_INT_CONVERSION = YES;
				CLANG_WARN_NON_LITERAL_NULL_CONVERSION = YES;
				CLANG_WARN_OBJC_IMPLICIT_RETAIN_SELF = YES;
				CLANG_WARN_OBJC_LITERAL_CONVERSION = YES;
				CLANG_WARN_OBJC_ROOT_CLASS = YES_ERROR;
				CLANG_WARN_QUOTED_INCLUDE_IN_FRAMEWORK_HEADER = YES;
				CLANG_WARN_RANGE_LOOP_ANALYSIS = YES;
				CLANG_WARN_STRICT_PROTOTYPES = YES;
				CLANG_WARN_SUSPICIOUS_MOVE = YES;
				CLANG_WARN_UNREACHABLE_CODE = YES;
				CLANG_WARN__DUPLICATE_METHOD_MATCH = YES;
				"CODE_SIGN_IDENTITY[sdk=iphoneos*]" = "iPhone Developer";
				COPY_PHASE_STRIP = YES;
				ENABLE_NS_ASSERTIONS = NO;
				ENABLE_STRICT_OBJC_MSGSEND = YES;
				"EXCLUDED_ARCHS[sdk=iphonesimulator*]" = "";
				GCC_C_LANGUAGE_STANDARD = gnu99;
				GCC_NO_COMMON_BLOCKS = YES;
				GCC_WARN_64_TO_32_BIT_CONVERSION = YES;
				GCC_WARN_ABOUT_RETURN_TYPE = YES_ERROR;
				GCC_WARN_UNDECLARED_SELECTOR = YES;
				GCC_WARN_UNINITIALIZED_AUTOS = YES_AGGRESSIVE;
				GCC_WARN_UNUSED_FUNCTION = YES;
				GCC_WARN_UNUSED_VARIABLE = YES;
				IPHONEOS_DEPLOYMENT_TARGET = 13.4;
				LD_RUNPATH_SEARCH_PATHS = (
					/usr/lib/swift,
					"$(inherited)",
				);
				LIBRARY_SEARCH_PATHS = (
					"\"$(SDKROOT)/usr/lib/swift\"",
					"\"$(TOOLCHAIN_DIR)/usr/lib/swift/$(PLATFORM_NAME)\"",
					"\"$(inherited)\"",
				);
				MTL_ENABLE_DEBUG_INFO = NO;
				OTHER_CPLUSPLUSFLAGS = (
					"$(OTHER_CFLAGS)",
					"-DFOLLY_NO_CONFIG",
					"-DFOLLY_MOBILE=1",
					"-DFOLLY_USE_LIBCPP=1",
					"-DFOLLY_CFG_NO_COROUTINES=1",
				);
				SDKROOT = iphoneos;
				VALIDATE_PRODUCT = YES;
			};
			name = Release;
		};
/* End XCBuildConfiguration section */

/* Begin XCConfigurationList section */
		00E357021AD99517003FC87E /* Build configuration list for PBXNativeTarget "TaskManagerTests" */ = {
			isa = XCConfigurationList;
			buildConfigurations = (
				00E356F61AD99517003FC87E /* Debug */,
				00E356F71AD99517003FC87E /* Release */,
			);
			defaultConfigurationIsVisible = 0;
			defaultConfigurationName = Release;
		};
		13B07F931A680F5B00A75B9A /* Build configuration list for PBXNativeTarget "TaskManager" */ = {
			isa = XCConfigurationList;
			buildConfigurations = (
				13B07F941A680F5B00A75B9A /* Debug */,
				13B07F951A680F5B00A75B9A /* Release */,
			);
			defaultConfigurationIsVisible = 0;
			defaultConfigurationName = Release;
		};
		83CBB9FA1A601CBA00E9B192 /* Build configuration list for PBXProject "TaskManager" */ = {
			isa = XCConfigurationList;
			buildConfigurations = (
				83CBBA201A601CBA00E9B192 /* Debug */,
				83CBBA211A601CBA00E9B192 /* Release */,
			);
			defaultConfigurationIsVisible = 0;
			defaultConfigurationName = Release;
		};
/* End XCConfigurationList section */
	};
	rootObject = 83CBB9F71A601CBA00E9B192 /* Project object */;
}
